// !$*UTF8*$!
{
	archiveVersion = 1;
	classes = {
	};
	objectVersion = 55;
	objects = {

/* Begin PBXBuildFile section */
		97B9ABFB28102A1900F5489B /* checklists.swift in Sources */ = {isa = PBXBuildFile; fileRef = 97B9ABFA28102A1900F5489B /* checklists.swift */; };
		97B9ABFE28103A3D00F5489B /* GroupTableViewCell.swift in Sources */ = {isa = PBXBuildFile; fileRef = 97B9ABFD28103A3D00F5489B /* GroupTableViewCell.swift */; };
		97B9AC012812CBE800F5489B /* GroupDetailsTableViewController.swift in Sources */ = {isa = PBXBuildFile; fileRef = 97B9AC002812CBE800F5489B /* GroupDetailsTableViewController.swift */; };
		97B9AC032812CE0800F5489B /* checklistItem.swift in Sources */ = {isa = PBXBuildFile; fileRef = 97B9AC022812CE0800F5489B /* checklistItem.swift */; };
		97B9AC052812DBB500F5489B /* ChecklistItemTableViewCell.swift in Sources */ = {isa = PBXBuildFile; fileRef = 97B9AC042812DBB500F5489B /* ChecklistItemTableViewCell.swift */; };
		97D96FB528099C9C0047DCB2 /* AppDelegate.swift in Sources */ = {isa = PBXBuildFile; fileRef = 97D96FB428099C9C0047DCB2 /* AppDelegate.swift */; };
		97D96FB728099C9C0047DCB2 /* SceneDelegate.swift in Sources */ = {isa = PBXBuildFile; fileRef = 97D96FB628099C9C0047DCB2 /* SceneDelegate.swift */; };
		97D96FB928099C9C0047DCB2 /* MainViewController.swift in Sources */ = {isa = PBXBuildFile; fileRef = 97D96FB828099C9C0047DCB2 /* MainViewController.swift */; };
		97D96FBC28099C9C0047DCB2 /* Main.storyboard in Resources */ = {isa = PBXBuildFile; fileRef = 97D96FBA28099C9C0047DCB2 /* Main.storyboard */; };
		97D96FBE28099C9D0047DCB2 /* Assets.xcassets in Resources */ = {isa = PBXBuildFile; fileRef = 97D96FBD28099C9D0047DCB2 /* Assets.xcassets */; };
		97D96FC128099C9D0047DCB2 /* LaunchScreen.storyboard in Resources */ = {isa = PBXBuildFile; fileRef = 97D96FBF28099C9D0047DCB2 /* LaunchScreen.storyboard */; };
/* End PBXBuildFile section */

/* Begin PBXFileReference section */
		97B9ABFA28102A1900F5489B /* checklists.swift */ = {isa = PBXFileReference; lastKnownFileType = sourcecode.swift; path = checklists.swift; sourceTree = "<group>"; };
		97B9ABFD28103A3D00F5489B /* GroupTableViewCell.swift */ = {isa = PBXFileReference; lastKnownFileType = sourcecode.swift; path = GroupTableViewCell.swift; sourceTree = "<group>"; };
		97B9AC002812CBE800F5489B /* GroupDetailsTableViewController.swift */ = {isa = PBXFileReference; lastKnownFileType = sourcecode.swift; path = GroupDetailsTableViewController.swift; sourceTree = "<group>"; };
		97B9AC022812CE0800F5489B /* checklistItem.swift */ = {isa = PBXFileReference; lastKnownFileType = sourcecode.swift; path = checklistItem.swift; sourceTree = "<group>"; };
		97B9AC042812DBB500F5489B /* ChecklistItemTableViewCell.swift */ = {isa = PBXFileReference; lastKnownFileType = sourcecode.swift; path = ChecklistItemTableViewCell.swift; sourceTree = "<group>"; };
		97D96FB128099C9C0047DCB2 /* checklists.app */ = {isa = PBXFileReference; explicitFileType = wrapper.application; includeInIndex = 0; path = checklists.app; sourceTree = BUILT_PRODUCTS_DIR; };
		97D96FB428099C9C0047DCB2 /* AppDelegate.swift */ = {isa = PBXFileReference; lastKnownFileType = sourcecode.swift; path = AppDelegate.swift; sourceTree = "<group>"; };
		97D96FB628099C9C0047DCB2 /* SceneDelegate.swift */ = {isa = PBXFileReference; lastKnownFileType = sourcecode.swift; path = SceneDelegate.swift; sourceTree = "<group>"; };
		97D96FB828099C9C0047DCB2 /* MainViewController.swift */ = {isa = PBXFileReference; lastKnownFileType = sourcecode.swift; path = MainViewController.swift; sourceTree = "<group>"; };
		97D96FBB28099C9C0047DCB2 /* Base */ = {isa = PBXFileReference; lastKnownFileType = file.storyboard; name = Base; path = Base.lproj/Main.storyboard; sourceTree = "<group>"; };
		97D96FBD28099C9D0047DCB2 /* Assets.xcassets */ = {isa = PBXFileReference; lastKnownFileType = folder.assetcatalog; path = Assets.xcassets; sourceTree = "<group>"; };
		97D96FC028099C9D0047DCB2 /* Base */ = {isa = PBXFileReference; lastKnownFileType = file.storyboard; name = Base; path = Base.lproj/LaunchScreen.storyboard; sourceTree = "<group>"; };
		97D96FC228099C9D0047DCB2 /* Info.plist */ = {isa = PBXFileReference; lastKnownFileType = text.plist.xml; path = Info.plist; sourceTree = "<group>"; };
/* End PBXFileReference section */

/* Begin PBXFrameworksBuildPhase section */
		97D96FAE28099C9C0047DCB2 /* Frameworks */ = {
			isa = PBXFrameworksBuildPhase;
			buildActionMask = 2147483647;
			files = (
			);
			runOnlyForDeploymentPostprocessing = 0;
		};
/* End PBXFrameworksBuildPhase section */

/* Begin PBXGroup section */
		97B9ABF9281029AD00F5489B /* Models */ = {
			isa = PBXGroup;
			children = (
				97B9ABFA28102A1900F5489B /* checklists.swift */,
				97B9AC022812CE0800F5489B /* checklistItem.swift */,
			);
			path = Models;
			sourceTree = "<group>";
		};
		97B9ABFC281039E300F5489B /* Cells */ = {
			isa = PBXGroup;
			children = (
				97B9ABFD28103A3D00F5489B /* GroupTableViewCell.swift */,
				97B9AC042812DBB500F5489B /* ChecklistItemTableViewCell.swift */,
			);
			path = Cells;
			sourceTree = "<group>";
		};
		97B9ABFF2812C8C100F5489B /* Controllers */ = {
			isa = PBXGroup;
			children = (
				97D96FB828099C9C0047DCB2 /* MainViewController.swift */,
				97B9AC002812CBE800F5489B /* GroupDetailsTableViewController.swift */,
			);
			path = Controllers;
			sourceTree = "<group>";
		};
		97D96FA828099C9C0047DCB2 = {
			isa = PBXGroup;
			children = (
				97D96FB328099C9C0047DCB2 /* checklists */,
				97D96FB228099C9C0047DCB2 /* Products */,
			);
			sourceTree = "<group>";
		};
		97D96FB228099C9C0047DCB2 /* Products */ = {
			isa = PBXGroup;
			children = (
				97D96FB128099C9C0047DCB2 /* checklists.app */,
			);
			name = Products;
			sourceTree = "<group>";
		};
		97D96FB328099C9C0047DCB2 /* checklists */ = {
			isa = PBXGroup;
			children = (
				97B9ABFF2812C8C100F5489B /* Controllers */,
				97B9ABFC281039E300F5489B /* Cells */,
				97B9ABF9281029AD00F5489B /* Models */,
				97D96FB428099C9C0047DCB2 /* AppDelegate.swift */,
				97D96FB628099C9C0047DCB2 /* SceneDelegate.swift */,
				97D96FBA28099C9C0047DCB2 /* Main.storyboard */,
				97D96FBD28099C9D0047DCB2 /* Assets.xcassets */,
				97D96FBF28099C9D0047DCB2 /* LaunchScreen.storyboard */,
				97D96FC228099C9D0047DCB2 /* Info.plist */,
			);
			path = checklists;
			sourceTree = "<group>";
		};
/* End PBXGroup section */

/* Begin PBXNativeTarget section */
		97D96FB028099C9C0047DCB2 /* checklists */ = {
			isa = PBXNativeTarget;
			buildConfigurationList = 97D96FC528099C9D0047DCB2 /* Build configuration list for PBXNativeTarget "checklists" */;
			buildPhases = (
				97D96FAD28099C9C0047DCB2 /* Sources */,
				97D96FAE28099C9C0047DCB2 /* Frameworks */,
				97D96FAF28099C9C0047DCB2 /* Resources */,
			);
			buildRules = (
			);
			dependencies = (
			);
			name = checklists;
			productName = checklists;
			productReference = 97D96FB128099C9C0047DCB2 /* checklists.app */;
			productType = "com.apple.product-type.application";
		};
/* End PBXNativeTarget section */

/* Begin PBXProject section */
		97D96FA928099C9C0047DCB2 /* Project object */ = {
			isa = PBXProject;
			attributes = {
				BuildIndependentTargetsInParallel = 1;
				LastSwiftUpdateCheck = 1330;
				LastUpgradeCheck = 1330;
				TargetAttributes = {
					97D96FB028099C9C0047DCB2 = {
						CreatedOnToolsVersion = 13.3;
					};
				};
			};
			buildConfigurationList = 97D96FAC28099C9C0047DCB2 /* Build configuration list for PBXProject "checklists" */;
			compatibilityVersion = "Xcode 13.0";
			developmentRegion = en;
			hasScannedForEncodings = 0;
			knownRegions = (
				en,
				Base,
			);
			mainGroup = 97D96FA828099C9C0047DCB2;
			productRefGroup = 97D96FB228099C9C0047DCB2 /* Products */;
			projectDirPath = "";
			projectRoot = "";
			targets = (
				97D96FB028099C9C0047DCB2 /* checklists */,
			);
		};
/* End PBXProject section */

/* Begin PBXResourcesBuildPhase section */
		97D96FAF28099C9C0047DCB2 /* Resources */ = {
			isa = PBXResourcesBuildPhase;
			buildActionMask = 2147483647;
			files = (
				97D96FC128099C9D0047DCB2 /* LaunchScreen.storyboard in Resources */,
				97D96FBE28099C9D0047DCB2 /* Assets.xcassets in Resources */,
				97D96FBC28099C9C0047DCB2 /* Main.storyboard in Resources */,
			);
			runOnlyForDeploymentPostprocessing = 0;
		};
/* End PBXResourcesBuildPhase section */

/* Begin PBXSourcesBuildPhase section */
		97D96FAD28099C9C0047DCB2 /* Sources */ = {
			isa = PBXSourcesBuildPhase;
			buildActionMask = 2147483647;
			files = (
				97B9AC032812CE0800F5489B /* checklistItem.swift in Sources */,
				97B9ABFB28102A1900F5489B /* checklists.swift in Sources */,
				97D96FB928099C9C0047DCB2 /* MainViewController.swift in Sources */,
				97B9AC012812CBE800F5489B /* GroupDetailsTableViewController.swift in Sources */,
				97D96FB528099C9C0047DCB2 /* AppDelegate.swift in Sources */,
				97D96FB728099C9C0047DCB2 /* SceneDelegate.swift in Sources */,
				97B9AC052812DBB500F5489B /* ChecklistItemTableViewCell.swift in Sources */,
				97B9ABFE28103A3D00F5489B /* GroupTableViewCell.swift in Sources */,
			);
			runOnlyForDeploymentPostprocessing = 0;
		};
/* End PBXSourcesBuildPhase section */

/* Begin PBXVariantGroup section */
		97D96FBA28099C9C0047DCB2 /* Main.storyboard */ = {
			isa = PBXVariantGroup;
			children = (
				97D96FBB28099C9C0047DCB2 /* Base */,
			);
			name = Main.storyboard;
			sourceTree = "<group>";
		};
		97D96FBF28099C9D0047DCB2 /* LaunchScreen.storyboard */ = {
			isa = PBXVariantGroup;
			children = (
				97D96FC028099C9D0047DCB2 /* Base */,
			);
			name = LaunchScreen.storyboard;
			sourceTree = "<group>";
		};
/* End PBXVariantGroup section */

/* Begin XCBuildConfiguration section */
		97D96FC328099C9D0047DCB2 /* Debug */ = {
			isa = XCBuildConfiguration;
			buildSettings = {
				ALWAYS_SEARCH_USER_PATHS = NO;
				CLANG_ANALYZER_NONNULL = YES;
				CLANG_ANALYZER_NUMBER_OBJECT_CONVERSION = YES_AGGRESSIVE;
				CLANG_CXX_LANGUAGE_STANDARD = "gnu++17";
				CLANG_ENABLE_MODULES = YES;
				CLANG_ENABLE_OBJC_ARC = YES;
				CLANG_ENABLE_OBJC_WEAK = YES;
				CLANG_WARN_BLOCK_CAPTURE_AUTORELEASING = YES;
				CLANG_WARN_BOOL_CONVERSION = YES;
				CLANG_WARN_COMMA = YES;
				CLANG_WARN_CONSTANT_CONVERSION = YES;
				CLANG_WARN_DEPRECATED_OBJC_IMPLEMENTATIONS = YES;
				CLANG_WARN_DIRECT_OBJC_ISA_USAGE = YES_ERROR;
				CLANG_WARN_DOCUMENTATION_COMMENTS = YES;
				CLANG_WARN_EMPTY_BODY = YES;
				CLANG_WARN_ENUM_CONVERSION = YES;
				CLANG_WARN_INFINITE_RECURSION = YES;
				CLANG_WARN_INT_CONVERSION = YES;
				CLANG_WARN_NON_LITERAL_NULL_CONVERSION = YES;
				CLANG_WARN_OBJC_IMPLICIT_RETAIN_SELF = YES;
				CLANG_WARN_OBJC_LITERAL_CONVERSION = YES;
				CLANG_WARN_OBJC_ROOT_CLASS = YES_ERROR;
				CLANG_WARN_QUOTED_INCLUDE_IN_FRAMEWORK_HEADER = YES;
				CLANG_WARN_RANGE_LOOP_ANALYSIS = YES;
				CLANG_WARN_STRICT_PROTOTYPES = YES;
				CLANG_WARN_SUSPICIOUS_MOVE = YES;
				CLANG_WARN_UNGUARDED_AVAILABILITY = YES_AGGRESSIVE;
				CLANG_WARN_UNREACHABLE_CODE = YES;
				CLANG_WARN__DUPLICATE_METHOD_MATCH = YES;
				COPY_PHASE_STRIP = NO;
				DEBUG_INFORMATION_FORMAT = dwarf;
				ENABLE_STRICT_OBJC_MSGSEND = YES;
				ENABLE_TESTABILITY = YES;
				GCC_C_LANGUAGE_STANDARD = gnu11;
				GCC_DYNAMIC_NO_PIC = NO;
				GCC_NO_COMMON_BLOCKS = YES;
				GCC_OPTIMIZATION_LEVEL = 0;
				GCC_PREPROCESSOR_DEFINITIONS = (
					"DEBUG=1",
					"$(inherited)",
				);
				GCC_WARN_64_TO_32_BIT_CONVERSION = YES;
				GCC_WARN_ABOUT_RETURN_TYPE = YES_ERROR;
				GCC_WARN_UNDECLARED_SELECTOR = YES;
				GCC_WARN_UNINITIALIZED_AUTOS = YES_AGGRESSIVE;
				GCC_WARN_UNUSED_FUNCTION = YES;
				GCC_WARN_UNUSED_VARIABLE = YES;
				IPHONEOS_DEPLOYMENT_TARGET = 15.4;
				MTL_ENABLE_DEBUG_INFO = INCLUDE_SOURCE;
				MTL_FAST_MATH = YES;
				ONLY_ACTIVE_ARCH = YES;
				SDKROOT = iphoneos;
				SWIFT_ACTIVE_COMPILATION_CONDITIONS = DEBUG;
				SWIFT_OPTIMIZATION_LEVEL = "-Onone";
			};
			name = Debug;
		};
		97D96FC428099C9D0047DCB2 /* Release */ = {
			isa = XCBuildConfiguration;
			buildSettings = {
				ALWAYS_SEARCH_USER_PATHS = NO;
				CLANG_ANALYZER_NONNULL = YES;
				CLANG_ANALYZER_NUMBER_OBJECT_CONVERSION = YES_AGGRESSIVE;
				CLANG_CXX_LANGUAGE_STANDARD = "gnu++17";
				CLANG_ENABLE_MODULES = YES;
				CLANG_ENABLE_OBJC_ARC = YES;
				CLANG_ENABLE_OBJC_WEAK = YES;
				CLANG_WARN_BLOCK_CAPTURE_AUTORELEASING = YES;
				CLANG_WARN_BOOL_CONVERSION = YES;
				CLANG_WARN_COMMA = YES;
				CLANG_WARN_CONSTANT_CONVERSION = YES;
				CLANG_WARN_DEPRECATED_OBJC_IMPLEMENTATIONS = YES;
				CLANG_WARN_DIRECT_OBJC_ISA_USAGE = YES_ERROR;
				CLANG_WARN_DOCUMENTATION_COMMENTS = YES;
				CLANG_WARN_EMPTY_BODY = YES;
				CLANG_WARN_ENUM_CONVERSION = YES;
				CLANG_WARN_INFINITE_RECURSION = YES;
				CLANG_WARN_INT_CONVERSION = YES;
				CLANG_WARN_NON_LITERAL_NULL_CONVERSION = YES;
				CLANG_WARN_OBJC_IMPLICIT_RETAIN_SELF = YES;
				CLANG_WARN_OBJC_LITERAL_CONVERSION = YES;
				CLANG_WARN_OBJC_ROOT_CLASS = YES_ERROR;
				CLANG_WARN_QUOTED_INCLUDE_IN_FRAMEWORK_HEADER = YES;
				CLANG_WARN_RANGE_LOOP_ANALYSIS = YES;
				CLANG_WARN_STRICT_PROTOTYPES = YES;
				CLANG_WARN_SUSPICIOUS_MOVE = YES;
				CLANG_WARN_UNGUARDED_AVAILABILITY = YES_AGGRESSIVE;
				CLANG_WARN_UNREACHABLE_CODE = YES;
				CLANG_WARN__DUPLICATE_METHOD_MATCH = YES;
				COPY_PHASE_STRIP = NO;
				DEBUG_INFORMATION_FORMAT = "dwarf-with-dsym";
				ENABLE_NS_ASSERTIONS = NO;
				ENABLE_STRICT_OBJC_MSGSEND = YES;
				GCC_C_LANGUAGE_STANDARD = gnu11;
				GCC_NO_COMMON_BLOCKS = YES;
				GCC_WARN_64_TO_32_BIT_CONVERSION = YES;
				GCC_WARN_ABOUT_RETURN_TYPE = YES_ERROR;
				GCC_WARN_UNDECLARED_SELECTOR = YES;
				GCC_WARN_UNINITIALIZED_AUTOS = YES_AGGRESSIVE;
				GCC_WARN_UNUSED_FUNCTION = YES;
				GCC_WARN_UNUSED_VARIABLE = YES;
				IPHONEOS_DEPLOYMENT_TARGET = 15.4;
				MTL_ENABLE_DEBUG_INFO = NO;
				MTL_FAST_MATH = YES;
				SDKROOT = iphoneos;
				SWIFT_COMPILATION_MODE = wholemodule;
				SWIFT_OPTIMIZATION_LEVEL = "-O";
				VALIDATE_PRODUCT = YES;
			};
			name = Release;
		};
		97D96FC628099C9D0047DCB2 /* Debug */ = {
			isa = XCBuildConfiguration;
			buildSettings = {
				ASSETCATALOG_COMPILER_APPICON_NAME = AppIcon;
				ASSETCATALOG_COMPILER_GLOBAL_ACCENT_COLOR_NAME = AccentColor;
				CODE_SIGN_STYLE = Automatic;
				CURRENT_PROJECT_VERSION = 1;
				DEVELOPMENT_TEAM = WT8XRJ7QG4;
				GENERATE_INFOPLIST_FILE = YES;
				INFOPLIST_FILE = checklists/Info.plist;
				INFOPLIST_KEY_UIApplicationSupportsIndirectInputEvents = YES;
				INFOPLIST_KEY_UILaunchStoryboardName = LaunchScreen;
				INFOPLIST_KEY_UIMainStoryboardFile = Main;
				INFOPLIST_KEY_UISupportedInterfaceOrientations = UIInterfaceOrientationPortrait;
				INFOPLIST_KEY_UISupportedInterfaceOrientations_iPad = "UIInterfaceOrientationPortrait UIInterfaceOrientationPortraitUpsideDown UIInterfaceOrientationLandscapeLeft UIInterfaceOrientationLandscapeRight";
				INFOPLIST_KEY_UISupportedInterfaceOrientations_iPhone = "UIInterfaceOrientationPortrait UIInterfaceOrientationLandscapeLeft UIInterfaceOrientationLandscapeRight";
				LD_RUNPATH_SEARCH_PATHS = (
					"$(inherited)",
					"@executable_path/Frameworks",
				);
				MARKETING_VERSION = 1.0;
				PRODUCT_BUNDLE_IDENTIFIER = com.tomirisnegmatova.checklists;
				PRODUCT_NAME = "$(TARGET_NAME)";
				SWIFT_EMIT_LOC_STRINGS = YES;
				SWIFT_VERSION = 5.0;
				TARGETED_DEVICE_FAMILY = 1;
			};
			name = Debug;
		};
		97D96FC728099C9D0047DCB2 /* Release */ = {
			isa = XCBuildConfiguration;
			buildSettings = {
				ASSETCATALOG_COMPILER_APPICON_NAME = AppIcon;
				ASSETCATALOG_COMPILER_GLOBAL_ACCENT_COLOR_NAME = AccentColor;
				CODE_SIGN_STYLE = Automatic;
				CURRENT_PROJECT_VERSION = 1;
				DEVELOPMENT_TEAM = WT8XRJ7QG4;
				GENERATE_INFOPLIST_FILE = YES;
				INFOPLIST_FILE = checklists/Info.plist;
				INFOPLIST_KEY_UIApplicationSupportsIndirectInputEvents = YES;
				INFOPLIST_KEY_UILaunchStoryboardName = LaunchScreen;
				INFOPLIST_KEY_UIMainStoryboardFile = Main;
				INFOPLIST_KEY_UISupportedInterfaceOrientations = UIInterfaceOrientationPortrait;
				INFOPLIST_KEY_UISupportedInterfaceOrientations_iPad = "UIInterfaceOrientationPortrait UIInterfaceOrientationPortraitUpsideDown UIInterfaceOrientationLandscapeLeft UIInterfaceOrientationLandscapeRight";
				INFOPLIST_KEY_UISupportedInterfaceOrientations_iPhone = "UIInterfaceOrientationPortrait UIInterfaceOrientationLandscapeLeft UIInterfaceOrientationLandscapeRight";
				LD_RUNPATH_SEARCH_PATHS = (
					"$(inherited)",
					"@executable_path/Frameworks",
				);
				MARKETING_VERSION = 1.0;
				PRODUCT_BUNDLE_IDENTIFIER = com.tomirisnegmatova.checklists;
				PRODUCT_NAME = "$(TARGET_NAME)";
				SWIFT_EMIT_LOC_STRINGS = YES;
				SWIFT_VERSION = 5.0;
				TARGETED_DEVICE_FAMILY = 1;
			};
			name = Release;
		};
/* End XCBuildConfiguration section */

/* Begin XCConfigurationList section */
		97D96FAC28099C9C0047DCB2 /* Build configuration list for PBXProject "checklists" */ = {
			isa = XCConfigurationList;
			buildConfigurations = (
				97D96FC328099C9D0047DCB2 /* Debug */,
				97D96FC428099C9D0047DCB2 /* Release */,
			);
			defaultConfigurationIsVisible = 0;
			defaultConfigurationName = Release;
		};
		97D96FC528099C9D0047DCB2 /* Build configuration list for PBXNativeTarget "checklists" */ = {
			isa = XCConfigurationList;
			buildConfigurations = (
				97D96FC628099C9D0047DCB2 /* Debug */,
				97D96FC728099C9D0047DCB2 /* Release */,
			);
			defaultConfigurationIsVisible = 0;
			defaultConfigurationName = Release;
		};
/* End XCConfigurationList section */
	};
	rootObject = 97D96FA928099C9C0047DCB2 /* Project object */;
}
